
Microsoft Visual Studio Solution File, Format Version 12.00
# Visual Studio 14
VisualStudioVersion = 14.0.25123.0
MinimumVisualStudioVersion = 10.0.40219.1
Project("{FAE04EC0-301F-11D3-BF4B-00C04F79EFBC}") = "Finger Vote", "Finger Vote\Finger Vote.csproj", "{D974663F-41C7-4AFF-9D23-13C3228E467F}"
EndProject
Global
	GlobalSection(SolutionConfigurationPlatforms) = preSolution
		Debug|x64 = Debug|x64
		Debug|x86 = Debug|x86
		Release|x64 = Release|x64
		Release|x86 = Release|x86
	EndGlobalSection
	GlobalSection(ProjectConfigurationPlatforms) = postSolution
		{D974663F-41C7-4AFF-9D23-13C3228E467F}.Debug|x64.ActiveCfg = Debug|x64
		{D974663F-41C7-4AFF-9D23-13C3228E467F}.Debug|x64.Build.0 = Debug|x64
		{D974663F-41C7-4AFF-9D23-13C3228E467F}.Debug|x86.ActiveCfg = Debug|x86
		{D974663F-41C7-4AFF-9D23-13C3228E467F}.Debug|x86.Build.0 = Debug|x86
		{D974663F-41C7-4AFF-9D23-13C3228E467F}.Release|x64.ActiveCfg = Release|x64
		{D974663F-41C7-4AFF-9D23-13C3228E467F}.Release|x64.Build.0 = Release|x64
		{D974663F-41C7-4AFF-9D23-13C3228E467F}.Release|x86.ActiveCfg = Release|x86
		{D974663F-41C7-4AFF-9D23-13C3228E467F}.Release|x86.Build.0 = Release|x86
	EndGlobalSection
	GlobalSection(SolutionProperties) = preSolution
		HideSolutionNode = FALSE
	EndGlobalSection
EndGlobal
